
Microsoft Visual Studio Solution File, Format Version 12.00
# Visual Studio Version 17
VisualStudioVersion = 17.14.36518.9 d17.14
MinimumVisualStudioVersion = 10.0.40219.1
Project("{FAE04EC0-301F-11D3-BF4B-00C04F79EFBC}") = "TeamManagementService", "TeamManagementService\TeamManagementService.csproj", "{C2A1BAF5-A6D6-4F19-AE8C-40AA864DCC21}"
EndProject
Project("{FAE04EC0-301F-11D3-BF4B-00C04F79EFBC}") = "PlayerManagementService", "PlayerManagementService\PlayerManagementService.csproj", "{A371731A-4F70-493B-A9BF-E22D227187D1}"
EndProject
Project("{FAE04EC0-301F-11D3-BF4B-00C04F79EFBC}") = "PerformanceTrackingService", "PerformanceTrackingService\PerformanceTrackingService.csproj", "{DE5D8BAF-80B6-4828-97AC-9FF4080B2717}"
EndProject
Global
	GlobalSection(SolutionConfigurationPlatforms) = preSolution
		Debug|Any CPU = Debug|Any CPU
		Release|Any CPU = Release|Any CPU
	EndGlobalSection
	GlobalSection(ProjectConfigurationPlatforms) = postSolution
		{C2A1BAF5-A6D6-4F19-AE8C-40AA864DCC21}.Debug|Any CPU.ActiveCfg = Debug|Any CPU
		{C2A1BAF5-A6D6-4F19-AE8C-40AA864DCC21}.Debug|Any CPU.Build.0 = Debug|Any CPU
		{C2A1BAF5-A6D6-4F19-AE8C-40AA864DCC21}.Release|Any CPU.ActiveCfg = Release|Any CPU
		{C2A1BAF5-A6D6-4F19-AE8C-40AA864DCC21}.Release|Any CPU.Build.0 = Release|Any CPU
		{A371731A-4F70-493B-A9BF-E22D227187D1}.Debug|Any CPU.ActiveCfg = Debug|Any CPU
		{A371731A-4F70-493B-A9BF-E22D227187D1}.Debug|Any CPU.Build.0 = Debug|Any CPU
		{A371731A-4F70-493B-A9BF-E22D227187D1}.Release|Any CPU.ActiveCfg = Release|Any CPU
		{A371731A-4F70-493B-A9BF-E22D227187D1}.Release|Any CPU.Build.0 = Release|Any CPU
		{DE5D8BAF-80B6-4828-97AC-9FF4080B2717}.Debug|Any CPU.ActiveCfg = Debug|Any CPU
		{DE5D8BAF-80B6-4828-97AC-9FF4080B2717}.Debug|Any CPU.Build.0 = Debug|Any CPU
		{DE5D8BAF-80B6-4828-97AC-9FF4080B2717}.Release|Any CPU.ActiveCfg = Release|Any CPU
		{DE5D8BAF-80B6-4828-97AC-9FF4080B2717}.Release|Any CPU.Build.0 = Release|Any CPU
	EndGlobalSection
	GlobalSection(SolutionProperties) = preSolution
		HideSolutionNode = FALSE
	EndGlobalSection
	GlobalSection(ExtensibilityGlobals) = postSolution
		SolutionGuid = {08BDE15F-4BF0-4C94-85E8-2DDF2EBFA607}
	EndGlobalSection
EndGlobal
